
Microsoft Visual Studio Solution File, Format Version 12.00
# Visual Studio 15
VisualStudioVersion = 15.0.28010.2036
MinimumVisualStudioVersion = 10.0.40219.1
Project("{FAE04EC0-301F-11D3-BF4B-00C04F79EFBC}") = "prototipo1", "prototipo1\prototipo1.csproj", "{B3C5FDD4-465C-40F1-8FD6-6A38C0998690}"
EndProject
Global
	GlobalSection(SolutionConfigurationPlatforms) = preSolution
		Debug|Any CPU = Debug|Any CPU
		Release|Any CPU = Release|Any CPU
	EndGlobalSection
	GlobalSection(ProjectConfigurationPlatforms) = postSolution
		{B3C5FDD4-465C-40F1-8FD6-6A38C0998690}.Debug|Any CPU.ActiveCfg = Debug|Any CPU
		{B3C5FDD4-465C-40F1-8FD6-6A38C0998690}.Debug|Any CPU.Build.0 = Debug|Any CPU
		{B3C5FDD4-465C-40F1-8FD6-6A38C0998690}.Release|Any CPU.ActiveCfg = Release|Any CPU
		{B3C5FDD4-465C-40F1-8FD6-6A38C0998690}.Release|Any CPU.Build.0 = Release|Any CPU
	EndGlobalSection
	GlobalSection(SolutionProperties) = preSolution
		HideSolutionNode = FALSE
	EndGlobalSection
	GlobalSection(ExtensibilityGlobals) = postSolution
		SolutionGuid = {13D67172-F0B9-4E66-87A9-1429230518AE}
	EndGlobalSection
EndGlobal
